
Microsoft Visual Studio Solution File, Format Version 12.00
# Visual Studio Version 17
VisualStudioVersion = 17.14.36221.1
MinimumVisualStudioVersion = 10.0.40219.1
Project("{FAE04EC0-301F-11D3-BF4B-00C04F79EFBC}") = "WebAppMVCPrac", "WebAppMVCPrac\WebAppMVCPrac.csproj", "{28DEAAB1-A44D-4A02-9DF0-DB4B7BCAAAE9}"
EndProject
Project("{FAE04EC0-301F-11D3-BF4B-00C04F79EFBC}") = "FirstCrudMVC", "FirstCrudMVC\FirstCrudMVC.csproj", "{E3EF79BC-5AD0-47E2-B5BB-C46CFC9A4679}"
EndProject
Project("{FAE04EC0-301F-11D3-BF4B-00C04F79EFBC}") = "EFCWebApi", "EFCWebApi\EFCWebApi.csproj", "{87946306-3EC4-462D-9B42-DDA27F2218F3}"
EndProject
Global
	GlobalSection(SolutionConfigurationPlatforms) = preSolution
		Debug|Any CPU = Debug|Any CPU
		Release|Any CPU = Release|Any CPU
	EndGlobalSection
	GlobalSection(ProjectConfigurationPlatforms) = postSolution
		{28DEAAB1-A44D-4A02-9DF0-DB4B7BCAAAE9}.Debug|Any CPU.ActiveCfg = Debug|Any CPU
		{28DEAAB1-A44D-4A02-9DF0-DB4B7BCAAAE9}.Debug|Any CPU.Build.0 = Debug|Any CPU
		{28DEAAB1-A44D-4A02-9DF0-DB4B7BCAAAE9}.Release|Any CPU.ActiveCfg = Release|Any CPU
		{28DEAAB1-A44D-4A02-9DF0-DB4B7BCAAAE9}.Release|Any CPU.Build.0 = Release|Any CPU
		{E3EF79BC-5AD0-47E2-B5BB-C46CFC9A4679}.Debug|Any CPU.ActiveCfg = Debug|Any CPU
		{E3EF79BC-5AD0-47E2-B5BB-C46CFC9A4679}.Debug|Any CPU.Build.0 = Debug|Any CPU
		{E3EF79BC-5AD0-47E2-B5BB-C46CFC9A4679}.Release|Any CPU.ActiveCfg = Release|Any CPU
		{E3EF79BC-5AD0-47E2-B5BB-C46CFC9A4679}.Release|Any CPU.Build.0 = Release|Any CPU
		{87946306-3EC4-462D-9B42-DDA27F2218F3}.Debug|Any CPU.ActiveCfg = Debug|Any CPU
		{87946306-3EC4-462D-9B42-DDA27F2218F3}.Debug|Any CPU.Build.0 = Debug|Any CPU
		{87946306-3EC4-462D-9B42-DDA27F2218F3}.Release|Any CPU.ActiveCfg = Release|Any CPU
		{87946306-3EC4-462D-9B42-DDA27F2218F3}.Release|Any CPU.Build.0 = Release|Any CPU
	EndGlobalSection
	GlobalSection(SolutionProperties) = preSolution
		HideSolutionNode = FALSE
	EndGlobalSection
	GlobalSection(ExtensibilityGlobals) = postSolution
		SolutionGuid = {011778D1-685C-41B1-9B82-F6BA6C20B294}
	EndGlobalSection
EndGlobal
